
Microsoft Visual Studio Solution File, Format Version 12.00
# Visual Studio Version 17
VisualStudioVersion = 17.7.34024.191
MinimumVisualStudioVersion = 10.0.40219.1
Project("{FAE04EC0-301F-11D3-BF4B-00C04F79EFBC}") = "ClickTix", "ClickTix\ClickTix.csproj", "{949C8F0B-3774-4962-BE7D-2F0DF29A4FC3}"
EndProject
Global
	GlobalSection(SolutionConfigurationPlatforms) = preSolution
		Debug|Any CPU = Debug|Any CPU
		Release|Any CPU = Release|Any CPU
	EndGlobalSection
	GlobalSection(ProjectConfigurationPlatforms) = postSolution
		{949C8F0B-3774-4962-BE7D-2F0DF29A4FC3}.Debug|Any CPU.ActiveCfg = Debug|Any CPU
		{949C8F0B-3774-4962-BE7D-2F0DF29A4FC3}.Debug|Any CPU.Build.0 = Debug|Any CPU
		{949C8F0B-3774-4962-BE7D-2F0DF29A4FC3}.Release|Any CPU.ActiveCfg = Release|Any CPU
		{949C8F0B-3774-4962-BE7D-2F0DF29A4FC3}.Release|Any CPU.Build.0 = Release|Any CPU
	EndGlobalSection
	GlobalSection(SolutionProperties) = preSolution
		HideSolutionNode = FALSE
	EndGlobalSection
	GlobalSection(ExtensibilityGlobals) = postSolution
		SolutionGuid = {BEDF7CD9-8BD0-45E2-9794-9ACF34C1EA04}
	EndGlobalSection
EndGlobal
